// !$*UTF8*$!
{
	archiveVersion = 1;
	classes = {
	};
	objectVersion = 56;
	objects = {

/* Begin PBXBuildFile section */
		8D584DA3665F766089595894 /* libPods-HRMS.a in Frameworks */ = {isa = PBXBuildFile; fileRef = 237496639D1199C35CC23AF0 /* libPods-HRMS.a */; };
		AA0404E518F298EAD07D488F /* libPods-HRMSTests.a in Frameworks */ = {isa = PBXBuildFile; fileRef = 9E331CD247C79D10AFDF0502 /* libPods-HRMSTests.a */; };
		BE22E160135EC23679EA1CDE /* libPods-HRMS-HRMSUITests.a in Frameworks */ = {isa = PBXBuildFile; fileRef = B96DA6E775AECF2D20FFEDCD /* libPods-HRMS-HRMSUITests.a */; };
		CB29125B294DEC4C00DE63CD /* ChangePasswordVC.swift in Sources */ = {isa = PBXBuildFile; fileRef = CB29125A294DEC4C00DE63CD /* ChangePasswordVC.swift */; };
		CB29125D294DF02A00DE63CD /* GeneratePasscodeVC.swift in Sources */ = {isa = PBXBuildFile; fileRef = CB29125C294DF02A00DE63CD /* GeneratePasscodeVC.swift */; };
		CB29125F294DF08C00DE63CD /* AboutUsVC.swift in Sources */ = {isa = PBXBuildFile; fileRef = CB29125E294DF08C00DE63CD /* AboutUsVC.swift */; };
		CB291261294E0AA400DE63CD /* DispatchCourierVC.swift in Sources */ = {isa = PBXBuildFile; fileRef = CB291260294E0AA400DE63CD /* DispatchCourierVC.swift */; };
		CB291264294E0B2F00DE63CD /* NewCourierVC.swift in Sources */ = {isa = PBXBuildFile; fileRef = CB291262294E0B2F00DE63CD /* NewCourierVC.swift */; };
		CB291265294E0B2F00DE63CD /* NewCourierVC.xib in Resources */ = {isa = PBXBuildFile; fileRef = CB291263294E0B2F00DE63CD /* NewCourierVC.xib */; };
		CB291268294E0B5300DE63CD /* CourierStatusVC.swift in Sources */ = {isa = PBXBuildFile; fileRef = CB291266294E0B5300DE63CD /* CourierStatusVC.swift */; };
		CB291269294E0B5300DE63CD /* CourierStatusVC.xib in Resources */ = {isa = PBXBuildFile; fileRef = CB291267294E0B5300DE63CD /* CourierStatusVC.xib */; };
		CB29126C294E0F3F00DE63CD /* RaiseRequest.swift in Sources */ = {isa = PBXBuildFile; fileRef = CB29126A294E0F3F00DE63CD /* RaiseRequest.swift */; };
		CB29126D294E0F3F00DE63CD /* RaiseRequest.xib in Resources */ = {isa = PBXBuildFile; fileRef = CB29126B294E0F3F00DE63CD /* RaiseRequest.xib */; };
		CB291270294E0F5300DE63CD /* RequestStatus.swift in Sources */ = {isa = PBXBuildFile; fileRef = CB29126E294E0F5300DE63CD /* RequestStatus.swift */; };
		CB291271294E0F5300DE63CD /* RequestStatus.xib in Resources */ = {isa = PBXBuildFile; fileRef = CB29126F294E0F5300DE63CD /* RequestStatus.xib */; };
		CB291273294E0F7900DE63CD /* PlaceRequestVC.swift in Sources */ = {isa = PBXBuildFile; fileRef = CB291272294E0F7900DE63CD /* PlaceRequestVC.swift */; };
		CB291275294E11F400DE63CD /* WFHVC.swift in Sources */ = {isa = PBXBuildFile; fileRef = CB291274294E11F400DE63CD /* WFHVC.swift */; };
		CB291278294E126500DE63CD /* WFHView.swift in Sources */ = {isa = PBXBuildFile; fileRef = CB291276294E126500DE63CD /* WFHView.swift */; };
		CB291279294E126500DE63CD /* WFHView.xib in Resources */ = {isa = PBXBuildFile; fileRef = CB291277294E126500DE63CD /* WFHView.xib */; };
		CB29127C294E128100DE63CD /* WFHStatusView.swift in Sources */ = {isa = PBXBuildFile; fileRef = CB29127A294E128100DE63CD /* WFHStatusView.swift */; };
		CB29127D294E128100DE63CD /* WFHStatusView.xib in Resources */ = {isa = PBXBuildFile; fileRef = CB29127B294E128100DE63CD /* WFHStatusView.xib */; };
		CB547872294717270088DA62 /* AppDelegate.swift in Sources */ = {isa = PBXBuildFile; fileRef = CB547871294717270088DA62 /* AppDelegate.swift */; };
		CB547874294717270088DA62 /* SceneDelegate.swift in Sources */ = {isa = PBXBuildFile; fileRef = CB547873294717270088DA62 /* SceneDelegate.swift */; };
		CB547879294717270088DA62 /* Main.storyboard in Resources */ = {isa = PBXBuildFile; fileRef = CB547877294717270088DA62 /* Main.storyboard */; };
		CB54787B294717290088DA62 /* Assets.xcassets in Resources */ = {isa = PBXBuildFile; fileRef = CB54787A294717290088DA62 /* Assets.xcassets */; };
		CB54787E294717290088DA62 /* LaunchScreen.storyboard in Resources */ = {isa = PBXBuildFile; fileRef = CB54787C294717290088DA62 /* LaunchScreen.storyboard */; };
		CB547889294717290088DA62 /* HRMSTests.swift in Sources */ = {isa = PBXBuildFile; fileRef = CB547888294717290088DA62 /* HRMSTests.swift */; };
		CB547893294717290088DA62 /* HRMSUITests.swift in Sources */ = {isa = PBXBuildFile; fileRef = CB547892294717290088DA62 /* HRMSUITests.swift */; };
		CB547895294717290088DA62 /* HRMSUITestsLaunchTests.swift in Sources */ = {isa = PBXBuildFile; fileRef = CB547894294717290088DA62 /* HRMSUITestsLaunchTests.swift */; };
		CB5956522947487B0003E55C /* SettingTableViewCell.swift in Sources */ = {isa = PBXBuildFile; fileRef = CB5956512947487B0003E55C /* SettingTableViewCell.swift */; };
		CB595654294748970003E55C /* SettingVC.swift in Sources */ = {isa = PBXBuildFile; fileRef = CB595653294748970003E55C /* SettingVC.swift */; };
		CB59565929474DD20003E55C /* CompanyInfoVC.swift in Sources */ = {isa = PBXBuildFile; fileRef = CB59565829474DD20003E55C /* CompanyInfoVC.swift */; };
		CB59565B29474E020003E55C /* CompanyInfoTableViewCell.swift in Sources */ = {isa = PBXBuildFile; fileRef = CB59565A29474E020003E55C /* CompanyInfoTableViewCell.swift */; };
		CB59565D294762DC0003E55C /* NewJointRegister.swift in Sources */ = {isa = PBXBuildFile; fileRef = CB59565C294762DC0003E55C /* NewJointRegister.swift */; };
		CB604E68294C428A0090C147 /* SideMenuVC.swift in Sources */ = {isa = PBXBuildFile; fileRef = CB604E67294C428A0090C147 /* SideMenuVC.swift */; };
		CB604E6A294C44E10090C147 /* SideMenuTableViewCell.swift in Sources */ = {isa = PBXBuildFile; fileRef = CB604E69294C44E10090C147 /* SideMenuTableViewCell.swift */; };
		CB604E6C294C4DA80090C147 /* MyProfileVC.swift in Sources */ = {isa = PBXBuildFile; fileRef = CB604E6B294C4DA80090C147 /* MyProfileVC.swift */; };
		CB654BE429701D0B00301D8A /* LanguageListVC.swift in Sources */ = {isa = PBXBuildFile; fileRef = CB654BE329701D0B00301D8A /* LanguageListVC.swift */; };
		CB654BE629701D3A00301D8A /* LanguageListTableViewCell.swift in Sources */ = {isa = PBXBuildFile; fileRef = CB654BE529701D3A00301D8A /* LanguageListTableViewCell.swift */; };
		CB6B5E75296BDE2F00D85FB1 /* IntroOnboardingVC.swift in Sources */ = {isa = PBXBuildFile; fileRef = CB6B5E74296BDE2E00D85FB1 /* IntroOnboardingVC.swift */; };
		CB6B5E77296BE9EB00D85FB1 /* BasicDetailsVC.swift in Sources */ = {isa = PBXBuildFile; fileRef = CB6B5E76296BE9EB00D85FB1 /* BasicDetailsVC.swift */; };
		CB6B5E79296BEA1A00D85FB1 /* FamilyDetailsVC.swift in Sources */ = {isa = PBXBuildFile; fileRef = CB6B5E78296BEA1A00D85FB1 /* FamilyDetailsVC.swift */; };
		CB6B5E7B296C1CFB00D85FB1 /* PersonalDetailsVC.swift in Sources */ = {isa = PBXBuildFile; fileRef = CB6B5E7A296C1CFB00D85FB1 /* PersonalDetailsVC.swift */; };
		CB6B5E7D296C210100D85FB1 /* EducationDetailsVC.swift in Sources */ = {isa = PBXBuildFile; fileRef = CB6B5E7C296C210100D85FB1 /* EducationDetailsVC.swift */; };
		CB6B5E7F296C212500D85FB1 /* AddressDetailsVC.swift in Sources */ = {isa = PBXBuildFile; fileRef = CB6B5E7E296C212400D85FB1 /* AddressDetailsVC.swift */; };
		CB6B5E81296C215300D85FB1 /* EmergencyDetailVC.swift in Sources */ = {isa = PBXBuildFile; fileRef = CB6B5E80296C215300D85FB1 /* EmergencyDetailVC.swift */; };
		CB6B5E83296C218200D85FB1 /* BAnkDetailsVC.swift in Sources */ = {isa = PBXBuildFile; fileRef = CB6B5E82296C218200D85FB1 /* BAnkDetailsVC.swift */; };
		CB6B5E85296C21A800D85FB1 /* ComplienceVC.swift in Sources */ = {isa = PBXBuildFile; fileRef = CB6B5E84296C21A800D85FB1 /* ComplienceVC.swift */; };
		CB6B5E87296C21C400D85FB1 /* Form11VC.swift in Sources */ = {isa = PBXBuildFile; fileRef = CB6B5E86296C21C400D85FB1 /* Form11VC.swift */; };
		CB6B5E89296C21E100D85FB1 /* PaymentWagesVC.swift in Sources */ = {isa = PBXBuildFile; fileRef = CB6B5E88296C21E100D85FB1 /* PaymentWagesVC.swift */; };
		CB6B5E8B296C220000D85FB1 /* BasicDetailVC.swift in Sources */ = {isa = PBXBuildFile; fileRef = CB6B5E8A296C220000D85FB1 /* BasicDetailVC.swift */; };
		CB6B5E8D296C221C00D85FB1 /* AddressVC.swift in Sources */ = {isa = PBXBuildFile; fileRef = CB6B5E8C296C221C00D85FB1 /* AddressVC.swift */; };
		CB6B5E8F296C223E00D85FB1 /* WitnessDetailsVC.swift in Sources */ = {isa = PBXBuildFile; fileRef = CB6B5E8E296C223E00D85FB1 /* WitnessDetailsVC.swift */; };
		CB6B5E91296C225700D85FB1 /* Form2VC.swift in Sources */ = {isa = PBXBuildFile; fileRef = CB6B5E90296C225700D85FB1 /* Form2VC.swift */; };
		CB6B5E93296C3F8100D85FB1 /* GratuityVC.swift in Sources */ = {isa = PBXBuildFile; fileRef = CB6B5E92296C3F8100D85FB1 /* GratuityVC.swift */; };
		CB6BD6EA294AE8A50056EAB8 /* LoginVC.swift in Sources */ = {isa = PBXBuildFile; fileRef = CB6BD6E9294AE8A50056EAB8 /* LoginVC.swift */; };
		CB6BD6ED294AEAD40056EAB8 /* EmployeeIdLogin.swift in Sources */ = {isa = PBXBuildFile; fileRef = CB6BD6EB294AEAD40056EAB8 /* EmployeeIdLogin.swift */; };
		CB6BD702294B30580056EAB8 /* ForgotPasswordView.swift in Sources */ = {isa = PBXBuildFile; fileRef = CB6BD700294B30580056EAB8 /* ForgotPasswordView.swift */; };
		CB6BD703294B30580056EAB8 /* ForgotPasswordView.xib in Resources */ = {isa = PBXBuildFile; fileRef = CB6BD701294B30580056EAB8 /* ForgotPasswordView.xib */; };
		CB6EDC9F295F14B400B3B74A /* OnboardingDetailsVC.swift in Sources */ = {isa = PBXBuildFile; fileRef = CB6EDC9E295F14B300B3B74A /* OnboardingDetailsVC.swift */; };
		CB6EDCA1295F1AB800B3B74A /* OnboardingTableViewCell.swift in Sources */ = {isa = PBXBuildFile; fileRef = CB6EDCA0295F1AB800B3B74A /* OnboardingTableViewCell.swift */; };
		CB72BB0129502C9F0078D296 /* ResignationRequest.swift in Sources */ = {isa = PBXBuildFile; fileRef = CB72BAFF29502C9F0078D296 /* ResignationRequest.swift */; };
		CB72BB0229502C9F0078D296 /* ResignationRequest.xib in Resources */ = {isa = PBXBuildFile; fileRef = CB72BB0029502C9F0078D296 /* ResignationRequest.xib */; };
		CB72BB0529502CB50078D296 /* ResignationStatus.swift in Sources */ = {isa = PBXBuildFile; fileRef = CB72BB0329502CB50078D296 /* ResignationStatus.swift */; };
		CB72BB0629502CB50078D296 /* ResignationStatus.xib in Resources */ = {isa = PBXBuildFile; fileRef = CB72BB0429502CB50078D296 /* ResignationStatus.xib */; };
		CB72BB0829502CE40078D296 /* ResignationVC.swift in Sources */ = {isa = PBXBuildFile; fileRef = CB72BB0729502CE40078D296 /* ResignationVC.swift */; };
		CB72BB0A2950326F0078D296 /* ApplyLoanVC.swift in Sources */ = {isa = PBXBuildFile; fileRef = CB72BB092950326F0078D296 /* ApplyLoanVC.swift */; };
		CB72BB0D295038960078D296 /* AplyLoanView.swift in Sources */ = {isa = PBXBuildFile; fileRef = CB72BB0B295038960078D296 /* AplyLoanView.swift */; };
		CB72BB0E295038960078D296 /* AplyLoanView.xib in Resources */ = {isa = PBXBuildFile; fileRef = CB72BB0C295038960078D296 /* AplyLoanView.xib */; };
		CB72BB15295038DA0078D296 /* AplyLoanStatusView.swift in Sources */ = {isa = PBXBuildFile; fileRef = CB72BB13295038DA0078D296 /* AplyLoanStatusView.swift */; };
		CB72BB16295038DA0078D296 /* AplyLoanStatusView.xib in Resources */ = {isa = PBXBuildFile; fileRef = CB72BB14295038DA0078D296 /* AplyLoanStatusView.xib */; };
		CB72BB18295041070078D296 /* UpdateBankDetailsVC.swift in Sources */ = {isa = PBXBuildFile; fileRef = CB72BB17295041070078D296 /* UpdateBankDetailsVC.swift */; };
		CB785FF129471A5D00F6BE8B /* HomeVC.swift in Sources */ = {isa = PBXBuildFile; fileRef = CB785FF029471A5D00F6BE8B /* HomeVC.swift */; };
		CB785FF32947241400F6BE8B /* HomeCollectionViewCell.swift in Sources */ = {isa = PBXBuildFile; fileRef = CB785FF22947241400F6BE8B /* HomeCollectionViewCell.swift */; };
		CB785FF529473C3100F6BE8B /* NotificationVC.swift in Sources */ = {isa = PBXBuildFile; fileRef = CB785FF429473C3100F6BE8B /* NotificationVC.swift */; };
		CB785FF729473C5D00F6BE8B /* NotificationTableViewCell.swift in Sources */ = {isa = PBXBuildFile; fileRef = CB785FF629473C5D00F6BE8B /* NotificationTableViewCell.swift */; };
		CB87FA56294F2DEE0021D212 /* PaySlipVC.swift in Sources */ = {isa = PBXBuildFile; fileRef = CB87FA55294F2DEE0021D212 /* PaySlipVC.swift */; };
		CB87FA58294F3AA70021D212 /* RaiseRequestVC.swift in Sources */ = {isa = PBXBuildFile; fileRef = CB87FA57294F3AA70021D212 /* RaiseRequestVC.swift */; };
		CB87FA5A294F3B4D0021D212 /* TaskReminderVC.swift in Sources */ = {isa = PBXBuildFile; fileRef = CB87FA59294F3B4D0021D212 /* TaskReminderVC.swift */; };
		CB87FA5D294F44160021D212 /* SetReminderView.swift in Sources */ = {isa = PBXBuildFile; fileRef = CB87FA5B294F44160021D212 /* SetReminderView.swift */; };
		CB87FA5E294F44160021D212 /* SetReminderView.xib in Resources */ = {isa = PBXBuildFile; fileRef = CB87FA5C294F44160021D212 /* SetReminderView.xib */; };
		CB87FA61294F45F90021D212 /* RemiderStatusView.swift in Sources */ = {isa = PBXBuildFile; fileRef = CB87FA5F294F45F90021D212 /* RemiderStatusView.swift */; };
		CB87FA62294F45F90021D212 /* RemiderStatusView.xib in Resources */ = {isa = PBXBuildFile; fileRef = CB87FA60294F45F90021D212 /* RemiderStatusView.xib */; };
		CB9B6AD52956D0320085CD57 /* AppConstants.swift in Sources */ = {isa = PBXBuildFile; fileRef = CB9B6AD42956D0320085CD57 /* AppConstants.swift */; };
		CB9B6AD72956D1AF0085CD57 /* Reachability.swift in Sources */ = {isa = PBXBuildFile; fileRef = CB9B6AD62956D1AF0085CD57 /* Reachability.swift */; };
		CB9B6AD92956D8190085CD57 /* VerifyOTPVC.swift in Sources */ = {isa = PBXBuildFile; fileRef = CB9B6AD82956D8190085CD57 /* VerifyOTPVC.swift */; };
		CBB881BB2949B53500AEC5FB /* PasscodeVC.swift in Sources */ = {isa = PBXBuildFile; fileRef = CBB881B92949B53500AEC5FB /* PasscodeVC.swift */; };
		CBC52F442959DB9100C1C5A6 /* DispatchVC.swift in Sources */ = {isa = PBXBuildFile; fileRef = CBC52F432959DB9100C1C5A6 /* DispatchVC.swift */; };
		CBC52F46295AD72800C1C5A6 /* PaySlipTableViewCell.swift in Sources */ = {isa = PBXBuildFile; fileRef = CBC52F45295AD72800C1C5A6 /* PaySlipTableViewCell.swift */; };
/* End PBXBuildFile section */

/* Begin PBXContainerItemProxy section */
		CB547885294717290088DA62 /* PBXContainerItemProxy */ = {
			isa = PBXContainerItemProxy;
			containerPortal = CB547866294717270088DA62 /* Project object */;
			proxyType = 1;
			remoteGlobalIDString = CB54786D294717270088DA62;
			remoteInfo = HRMS;
		};
		CB54788F294717290088DA62 /* PBXContainerItemProxy */ = {
			isa = PBXContainerItemProxy;
			containerPortal = CB547866294717270088DA62 /* Project object */;
			proxyType = 1;
			remoteGlobalIDString = CB54786D294717270088DA62;
			remoteInfo = HRMS;
		};
/* End PBXContainerItemProxy section */

/* Begin PBXFileReference section */
		237496639D1199C35CC23AF0 /* libPods-HRMS.a */ = {isa = PBXFileReference; explicitFileType = archive.ar; includeInIndex = 0; path = "libPods-HRMS.a"; sourceTree = BUILT_PRODUCTS_DIR; };
		3C761E9D6D2BAB2A41DF74B3 /* Pods-HRMS-HRMSUITests.debug.xcconfig */ = {isa = PBXFileReference; includeInIndex = 1; lastKnownFileType = text.xcconfig; name = "Pods-HRMS-HRMSUITests.debug.xcconfig"; path = "Target Support Files/Pods-HRMS-HRMSUITests/Pods-HRMS-HRMSUITests.debug.xcconfig"; sourceTree = "<group>"; };
		7FF434F7F06D44B2D6086570 /* Pods-HRMS-HRMSUITests.release.xcconfig */ = {isa = PBXFileReference; includeInIndex = 1; lastKnownFileType = text.xcconfig; name = "Pods-HRMS-HRMSUITests.release.xcconfig"; path = "Target Support Files/Pods-HRMS-HRMSUITests/Pods-HRMS-HRMSUITests.release.xcconfig"; sourceTree = "<group>"; };
		9E331CD247C79D10AFDF0502 /* libPods-HRMSTests.a */ = {isa = PBXFileReference; explicitFileType = archive.ar; includeInIndex = 0; path = "libPods-HRMSTests.a"; sourceTree = BUILT_PRODUCTS_DIR; };
		B96DA6E775AECF2D20FFEDCD /* libPods-HRMS-HRMSUITests.a */ = {isa = PBXFileReference; explicitFileType = archive.ar; includeInIndex = 0; path = "libPods-HRMS-HRMSUITests.a"; sourceTree = BUILT_PRODUCTS_DIR; };
		C2CD974CD1EB63B20A3F0E27 /* Pods-HRMSTests.debug.xcconfig */ = {isa = PBXFileReference; includeInIndex = 1; lastKnownFileType = text.xcconfig; name = "Pods-HRMSTests.debug.xcconfig"; path = "Target Support Files/Pods-HRMSTests/Pods-HRMSTests.debug.xcconfig"; sourceTree = "<group>"; };
		CB29125A294DEC4C00DE63CD /* ChangePasswordVC.swift */ = {isa = PBXFileReference; lastKnownFileType = sourcecode.swift; path = ChangePasswordVC.swift; sourceTree = "<group>"; };
		CB29125C294DF02A00DE63CD /* GeneratePasscodeVC.swift */ = {isa = PBXFileReference; lastKnownFileType = sourcecode.swift; path = GeneratePasscodeVC.swift; sourceTree = "<group>"; };
		CB29125E294DF08C00DE63CD /* AboutUsVC.swift */ = {isa = PBXFileReference; lastKnownFileType = sourcecode.swift; path = AboutUsVC.swift; sourceTree = "<group>"; };
		CB291260294E0AA400DE63CD /* DispatchCourierVC.swift */ = {isa = PBXFileReference; lastKnownFileType = sourcecode.swift; path = DispatchCourierVC.swift; sourceTree = "<group>"; };
		CB291262294E0B2F00DE63CD /* NewCourierVC.swift */ = {isa = PBXFileReference; lastKnownFileType = sourcecode.swift; path = NewCourierVC.swift; sourceTree = "<group>"; };
		CB291263294E0B2F00DE63CD /* NewCourierVC.xib */ = {isa = PBXFileReference; lastKnownFileType = file.xib; path = NewCourierVC.xib; sourceTree = "<group>"; };
		CB291266294E0B5300DE63CD /* CourierStatusVC.swift */ = {isa = PBXFileReference; lastKnownFileType = sourcecode.swift; path = CourierStatusVC.swift; sourceTree = "<group>"; };
		CB291267294E0B5300DE63CD /* CourierStatusVC.xib */ = {isa = PBXFileReference; lastKnownFileType = file.xib; path = CourierStatusVC.xib; sourceTree = "<group>"; };
		CB29126A294E0F3F00DE63CD /* RaiseRequest.swift */ = {isa = PBXFileReference; lastKnownFileType = sourcecode.swift; path = RaiseRequest.swift; sourceTree = "<group>"; };
		CB29126B294E0F3F00DE63CD /* RaiseRequest.xib */ = {isa = PBXFileReference; lastKnownFileType = file.xib; path = RaiseRequest.xib; sourceTree = "<group>"; };
		CB29126E294E0F5300DE63CD /* RequestStatus.swift */ = {isa = PBXFileReference; lastKnownFileType = sourcecode.swift; path = RequestStatus.swift; sourceTree = "<group>"; };
		CB29126F294E0F5300DE63CD /* RequestStatus.xib */ = {isa = PBXFileReference; lastKnownFileType = file.xib; path = RequestStatus.xib; sourceTree = "<group>"; };
		CB291272294E0F7900DE63CD /* PlaceRequestVC.swift */ = {isa = PBXFileReference; lastKnownFileType = sourcecode.swift; path = PlaceRequestVC.swift; sourceTree = "<group>"; };
		CB291274294E11F400DE63CD /* WFHVC.swift */ = {isa = PBXFileReference; lastKnownFileType = sourcecode.swift; path = WFHVC.swift; sourceTree = "<group>"; };
		CB291276294E126500DE63CD /* WFHView.swift */ = {isa = PBXFileReference; lastKnownFileType = sourcecode.swift; path = WFHView.swift; sourceTree = "<group>"; };
		CB291277294E126500DE63CD /* WFHView.xib */ = {isa = PBXFileReference; lastKnownFileType = file.xib; path = WFHView.xib; sourceTree = "<group>"; };
		CB29127A294E128100DE63CD /* WFHStatusView.swift */ = {isa = PBXFileReference; lastKnownFileType = sourcecode.swift; path = WFHStatusView.swift; sourceTree = "<group>"; };
		CB29127B294E128100DE63CD /* WFHStatusView.xib */ = {isa = PBXFileReference; lastKnownFileType = file.xib; path = WFHStatusView.xib; sourceTree = "<group>"; };
		CB54786E294717270088DA62 /* HRMS.app */ = {isa = PBXFileReference; explicitFileType = wrapper.application; includeInIndex = 0; path = HRMS.app; sourceTree = BUILT_PRODUCTS_DIR; };
		CB547871294717270088DA62 /* AppDelegate.swift */ = {isa = PBXFileReference; lastKnownFileType = sourcecode.swift; path = AppDelegate.swift; sourceTree = "<group>"; };
		CB547873294717270088DA62 /* SceneDelegate.swift */ = {isa = PBXFileReference; lastKnownFileType = sourcecode.swift; path = SceneDelegate.swift; sourceTree = "<group>"; };
		CB547878294717270088DA62 /* Base */ = {isa = PBXFileReference; lastKnownFileType = file.storyboard; name = Base; path = Base.lproj/Main.storyboard; sourceTree = "<group>"; };
		CB54787A294717290088DA62 /* Assets.xcassets */ = {isa = PBXFileReference; lastKnownFileType = folder.assetcatalog; path = Assets.xcassets; sourceTree = "<group>"; };
		CB54787D294717290088DA62 /* Base */ = {isa = PBXFileReference; lastKnownFileType = file.storyboard; name = Base; path = Base.lproj/LaunchScreen.storyboard; sourceTree = "<group>"; };
		CB54787F294717290088DA62 /* Info.plist */ = {isa = PBXFileReference; lastKnownFileType = text.plist.xml; path = Info.plist; sourceTree = "<group>"; };
		CB547884294717290088DA62 /* HRMSTests.xctest */ = {isa = PBXFileReference; explicitFileType = wrapper.cfbundle; includeInIndex = 0; path = HRMSTests.xctest; sourceTree = BUILT_PRODUCTS_DIR; };
		CB547888294717290088DA62 /* HRMSTests.swift */ = {isa = PBXFileReference; lastKnownFileType = sourcecode.swift; path = HRMSTests.swift; sourceTree = "<group>"; };
		CB54788E294717290088DA62 /* HRMSUITests.xctest */ = {isa = PBXFileReference; explicitFileType = wrapper.cfbundle; includeInIndex = 0; path = HRMSUITests.xctest; sourceTree = BUILT_PRODUCTS_DIR; };
		CB547892294717290088DA62 /* HRMSUITests.swift */ = {isa = PBXFileReference; lastKnownFileType = sourcecode.swift; path = HRMSUITests.swift; sourceTree = "<group>"; };
		CB547894294717290088DA62 /* HRMSUITestsLaunchTests.swift */ = {isa = PBXFileReference; lastKnownFileType = sourcecode.swift; path = HRMSUITestsLaunchTests.swift; sourceTree = "<group>"; };
		CB5956512947487B0003E55C /* SettingTableViewCell.swift */ = {isa = PBXFileReference; lastKnownFileType = sourcecode.swift; path = SettingTableViewCell.swift; sourceTree = "<group>"; };
		CB595653294748970003E55C /* SettingVC.swift */ = {isa = PBXFileReference; lastKnownFileType = sourcecode.swift; path = SettingVC.swift; sourceTree = "<group>"; };
		CB59565829474DD20003E55C /* CompanyInfoVC.swift */ = {isa = PBXFileReference; lastKnownFileType = sourcecode.swift; path = CompanyInfoVC.swift; sourceTree = "<group>"; };
		CB59565A29474E020003E55C /* CompanyInfoTableViewCell.swift */ = {isa = PBXFileReference; lastKnownFileType = sourcecode.swift; path = CompanyInfoTableViewCell.swift; sourceTree = "<group>"; };
		CB59565C294762DC0003E55C /* NewJointRegister.swift */ = {isa = PBXFileReference; lastKnownFileType = sourcecode.swift; path = NewJointRegister.swift; sourceTree = "<group>"; };
		CB604E67294C428A0090C147 /* SideMenuVC.swift */ = {isa = PBXFileReference; lastKnownFileType = sourcecode.swift; path = SideMenuVC.swift; sourceTree = "<group>"; };
		CB604E69294C44E10090C147 /* SideMenuTableViewCell.swift */ = {isa = PBXFileReference; lastKnownFileType = sourcecode.swift; path = SideMenuTableViewCell.swift; sourceTree = "<group>"; };
		CB604E6B294C4DA80090C147 /* MyProfileVC.swift */ = {isa = PBXFileReference; lastKnownFileType = sourcecode.swift; path = MyProfileVC.swift; sourceTree = "<group>"; };
		CB654BE329701D0B00301D8A /* LanguageListVC.swift */ = {isa = PBXFileReference; lastKnownFileType = sourcecode.swift; path = LanguageListVC.swift; sourceTree = "<group>"; };
		CB654BE529701D3A00301D8A /* LanguageListTableViewCell.swift */ = {isa = PBXFileReference; lastKnownFileType = sourcecode.swift; path = LanguageListTableViewCell.swift; sourceTree = "<group>"; };
		CB6B5E74296BDE2E00D85FB1 /* IntroOnboardingVC.swift */ = {isa = PBXFileReference; lastKnownFileType = sourcecode.swift; path = IntroOnboardingVC.swift; sourceTree = "<group>"; };
		CB6B5E76296BE9EB00D85FB1 /* BasicDetailsVC.swift */ = {isa = PBXFileReference; lastKnownFileType = sourcecode.swift; path = BasicDetailsVC.swift; sourceTree = "<group>"; };
		CB6B5E78296BEA1A00D85FB1 /* FamilyDetailsVC.swift */ = {isa = PBXFileReference; lastKnownFileType = sourcecode.swift; path = FamilyDetailsVC.swift; sourceTree = "<group>"; };
		CB6B5E7A296C1CFB00D85FB1 /* PersonalDetailsVC.swift */ = {isa = PBXFileReference; lastKnownFileType = sourcecode.swift; path = PersonalDetailsVC.swift; sourceTree = "<group>"; };
		CB6B5E7C296C210100D85FB1 /* EducationDetailsVC.swift */ = {isa = PBXFileReference; lastKnownFileType = sourcecode.swift; path = EducationDetailsVC.swift; sourceTree = "<group>"; };
		CB6B5E7E296C212400D85FB1 /* AddressDetailsVC.swift */ = {isa = PBXFileReference; lastKnownFileType = sourcecode.swift; path = AddressDetailsVC.swift; sourceTree = "<group>"; };
		CB6B5E80296C215300D85FB1 /* EmergencyDetailVC.swift */ = {isa = PBXFileReference; lastKnownFileType = sourcecode.swift; path = EmergencyDetailVC.swift; sourceTree = "<group>"; };
		CB6B5E82296C218200D85FB1 /* BAnkDetailsVC.swift */ = {isa = PBXFileReference; lastKnownFileType = sourcecode.swift; path = BAnkDetailsVC.swift; sourceTree = "<group>"; };
		CB6B5E84296C21A800D85FB1 /* ComplienceVC.swift */ = {isa = PBXFileReference; lastKnownFileType = sourcecode.swift; path = ComplienceVC.swift; sourceTree = "<group>"; };
		CB6B5E86296C21C400D85FB1 /* Form11VC.swift */ = {isa = PBXFileReference; lastKnownFileType = sourcecode.swift; path = Form11VC.swift; sourceTree = "<group>"; };
		CB6B5E88296C21E100D85FB1 /* PaymentWagesVC.swift */ = {isa = PBXFileReference; lastKnownFileType = sourcecode.swift; path = PaymentWagesVC.swift; sourceTree = "<group>"; };
		CB6B5E8A296C220000D85FB1 /* BasicDetailVC.swift */ = {isa = PBXFileReference; lastKnownFileType = sourcecode.swift; path = BasicDetailVC.swift; sourceTree = "<group>"; };
		CB6B5E8C296C221C00D85FB1 /* AddressVC.swift */ = {isa = PBXFileReference; lastKnownFileType = sourcecode.swift; path = AddressVC.swift; sourceTree = "<group>"; };
		CB6B5E8E296C223E00D85FB1 /* WitnessDetailsVC.swift */ = {isa = PBXFileReference; lastKnownFileType = sourcecode.swift; path = WitnessDetailsVC.swift; sourceTree = "<group>"; };
		CB6B5E90296C225700D85FB1 /* Form2VC.swift */ = {isa = PBXFileReference; lastKnownFileType = sourcecode.swift; path = Form2VC.swift; sourceTree = "<group>"; };
		CB6B5E92296C3F8100D85FB1 /* GratuityVC.swift */ = {isa = PBXFileReference; lastKnownFileType = sourcecode.swift; path = GratuityVC.swift; sourceTree = "<group>"; };
		CB6BD6E9294AE8A50056EAB8 /* LoginVC.swift */ = {isa = PBXFileReference; lastKnownFileType = sourcecode.swift; path = LoginVC.swift; sourceTree = "<group>"; };
		CB6BD6EB294AEAD40056EAB8 /* EmployeeIdLogin.swift */ = {isa = PBXFileReference; lastKnownFileType = sourcecode.swift; path = EmployeeIdLogin.swift; sourceTree = "<group>"; };
		CB6BD700294B30580056EAB8 /* ForgotPasswordView.swift */ = {isa = PBXFileReference; lastKnownFileType = sourcecode.swift; path = ForgotPasswordView.swift; sourceTree = "<group>"; };
		CB6BD701294B30580056EAB8 /* ForgotPasswordView.xib */ = {isa = PBXFileReference; lastKnownFileType = file.xib; path = ForgotPasswordView.xib; sourceTree = "<group>"; };
		CB6EDC9E295F14B300B3B74A /* OnboardingDetailsVC.swift */ = {isa = PBXFileReference; lastKnownFileType = sourcecode.swift; path = OnboardingDetailsVC.swift; sourceTree = "<group>"; };
		CB6EDCA0295F1AB800B3B74A /* OnboardingTableViewCell.swift */ = {isa = PBXFileReference; lastKnownFileType = sourcecode.swift; path = OnboardingTableViewCell.swift; sourceTree = "<group>"; };
		CB72BAFF29502C9F0078D296 /* ResignationRequest.swift */ = {isa = PBXFileReference; lastKnownFileType = sourcecode.swift; path = ResignationRequest.swift; sourceTree = "<group>"; };
		CB72BB0029502C9F0078D296 /* ResignationRequest.xib */ = {isa = PBXFileReference; lastKnownFileType = file.xib; path = ResignationRequest.xib; sourceTree = "<group>"; };
		CB72BB0329502CB50078D296 /* ResignationStatus.swift */ = {isa = PBXFileReference; lastKnownFileType = sourcecode.swift; path = ResignationStatus.swift; sourceTree = "<group>"; };
		CB72BB0429502CB50078D296 /* ResignationStatus.xib */ = {isa = PBXFileReference; lastKnownFileType = file.xib; path = ResignationStatus.xib; sourceTree = "<group>"; };
		CB72BB0729502CE40078D296 /* ResignationVC.swift */ = {isa = PBXFileReference; lastKnownFileType = sourcecode.swift; path = ResignationVC.swift; sourceTree = "<group>"; };
		CB72BB092950326F0078D296 /* ApplyLoanVC.swift */ = {isa = PBXFileReference; lastKnownFileType = sourcecode.swift; path = ApplyLoanVC.swift; sourceTree = "<group>"; };
		CB72BB0B295038960078D296 /* AplyLoanView.swift */ = {isa = PBXFileReference; lastKnownFileType = sourcecode.swift; path = AplyLoanView.swift; sourceTree = "<group>"; };
		CB72BB0C295038960078D296 /* AplyLoanView.xib */ = {isa = PBXFileReference; lastKnownFileType = file.xib; path = AplyLoanView.xib; sourceTree = "<group>"; };
		CB72BB13295038DA0078D296 /* AplyLoanStatusView.swift */ = {isa = PBXFileReference; lastKnownFileType = sourcecode.swift; path = AplyLoanStatusView.swift; sourceTree = "<group>"; };
		CB72BB14295038DA0078D296 /* AplyLoanStatusView.xib */ = {isa = PBXFileReference; lastKnownFileType = file.xib; path = AplyLoanStatusView.xib; sourceTree = "<group>"; };
		CB72BB17295041070078D296 /* UpdateBankDetailsVC.swift */ = {isa = PBXFileReference; lastKnownFileType = sourcecode.swift; path = UpdateBankDetailsVC.swift; sourceTree = "<group>"; };
		CB785FF029471A5D00F6BE8B /* HomeVC.swift */ = {isa = PBXFileReference; lastKnownFileType = sourcecode.swift; path = HomeVC.swift; sourceTree = "<group>"; };
		CB785FF22947241400F6BE8B /* HomeCollectionViewCell.swift */ = {isa = PBXFileReference; lastKnownFileType = sourcecode.swift; path = HomeCollectionViewCell.swift; sourceTree = "<group>"; };
		CB785FF429473C3100F6BE8B /* NotificationVC.swift */ = {isa = PBXFileReference; lastKnownFileType = sourcecode.swift; path = NotificationVC.swift; sourceTree = "<group>"; };
		CB785FF629473C5D00F6BE8B /* NotificationTableViewCell.swift */ = {isa = PBXFileReference; lastKnownFileType = sourcecode.swift; path = NotificationTableViewCell.swift; sourceTree = "<group>"; };
		CB87FA55294F2DEE0021D212 /* PaySlipVC.swift */ = {isa = PBXFileReference; lastKnownFileType = sourcecode.swift; path = PaySlipVC.swift; sourceTree = "<group>"; };
		CB87FA57294F3AA70021D212 /* RaiseRequestVC.swift */ = {isa = PBXFileReference; lastKnownFileType = sourcecode.swift; path = RaiseRequestVC.swift; sourceTree = "<group>"; };
		CB87FA59294F3B4D0021D212 /* TaskReminderVC.swift */ = {isa = PBXFileReference; lastKnownFileType = sourcecode.swift; path = TaskReminderVC.swift; sourceTree = "<group>"; };
		CB87FA5B294F44160021D212 /* SetReminderView.swift */ = {isa = PBXFileReference; lastKnownFileType = sourcecode.swift; path = SetReminderView.swift; sourceTree = "<group>"; };
		CB87FA5C294F44160021D212 /* SetReminderView.xib */ = {isa = PBXFileReference; lastKnownFileType = file.xib; path = SetReminderView.xib; sourceTree = "<group>"; };
		CB87FA5F294F45F90021D212 /* RemiderStatusView.swift */ = {isa = PBXFileReference; lastKnownFileType = sourcecode.swift; path = RemiderStatusView.swift; sourceTree = "<group>"; };
		CB87FA60294F45F90021D212 /* RemiderStatusView.xib */ = {isa = PBXFileReference; lastKnownFileType = file.xib; path = RemiderStatusView.xib; sourceTree = "<group>"; };
		CB9B6AD42956D0320085CD57 /* AppConstants.swift */ = {isa = PBXFileReference; lastKnownFileType = sourcecode.swift; path = AppConstants.swift; sourceTree = "<group>"; };
		CB9B6AD62956D1AF0085CD57 /* Reachability.swift */ = {isa = PBXFileReference; lastKnownFileType = sourcecode.swift; path = Reachability.swift; sourceTree = "<group>"; };
		CB9B6AD82956D8190085CD57 /* VerifyOTPVC.swift */ = {isa = PBXFileReference; lastKnownFileType = sourcecode.swift; path = VerifyOTPVC.swift; sourceTree = "<group>"; };
		CBB881B92949B53500AEC5FB /* PasscodeVC.swift */ = {isa = PBXFileReference; lastKnownFileType = sourcecode.swift; path = PasscodeVC.swift; sourceTree = "<group>"; };
		CBC52F432959DB9100C1C5A6 /* DispatchVC.swift */ = {isa = PBXFileReference; lastKnownFileType = sourcecode.swift; path = DispatchVC.swift; sourceTree = "<group>"; };
		CBC52F45295AD72800C1C5A6 /* PaySlipTableViewCell.swift */ = {isa = PBXFileReference; lastKnownFileType = sourcecode.swift; path = PaySlipTableViewCell.swift; sourceTree = "<group>"; };
		D924D0E2854F1C61F5680223 /* Pods-HRMSTests.release.xcconfig */ = {isa = PBXFileReference; includeInIndex = 1; lastKnownFileType = text.xcconfig; name = "Pods-HRMSTests.release.xcconfig"; path = "Target Support Files/Pods-HRMSTests/Pods-HRMSTests.release.xcconfig"; sourceTree = "<group>"; };
		F04CD3DB48658B91A836ADA3 /* Pods-HRMS.debug.xcconfig */ = {isa = PBXFileReference; includeInIndex = 1; lastKnownFileType = text.xcconfig; name = "Pods-HRMS.debug.xcconfig"; path = "Target Support Files/Pods-HRMS/Pods-HRMS.debug.xcconfig"; sourceTree = "<group>"; };
		F7FC45C83829716F86AE0D74 /* Pods-HRMS.release.xcconfig */ = {isa = PBXFileReference; includeInIndex = 1; lastKnownFileType = text.xcconfig; name = "Pods-HRMS.release.xcconfig"; path = "Target Support Files/Pods-HRMS/Pods-HRMS.release.xcconfig"; sourceTree = "<group>"; };
/* End PBXFileReference section */

/* Begin PBXFrameworksBuildPhase section */
		CB54786B294717270088DA62 /* Frameworks */ = {
			isa = PBXFrameworksBuildPhase;
			buildActionMask = 2147483647;
			files = (
				8D584DA3665F766089595894 /* libPods-HRMS.a in Frameworks */,
			);
			runOnlyForDeploymentPostprocessing = 0;
		};
		CB547881294717290088DA62 /* Frameworks */ = {
			isa = PBXFrameworksBuildPhase;
			buildActionMask = 2147483647;
			files = (
				AA0404E518F298EAD07D488F /* libPods-HRMSTests.a in Frameworks */,
			);
			runOnlyForDeploymentPostprocessing = 0;
		};
		CB54788B294717290088DA62 /* Frameworks */ = {
			isa = PBXFrameworksBuildPhase;
			buildActionMask = 2147483647;
			files = (
				BE22E160135EC23679EA1CDE /* libPods-HRMS-HRMSUITests.a in Frameworks */,
			);
			runOnlyForDeploymentPostprocessing = 0;
		};
/* End PBXFrameworksBuildPhase section */

/* Begin PBXGroup section */
		4F1783CA4CDB57727D74D2F5 /* Pods */ = {
			isa = PBXGroup;
			children = (
				F04CD3DB48658B91A836ADA3 /* Pods-HRMS.debug.xcconfig */,
				F7FC45C83829716F86AE0D74 /* Pods-HRMS.release.xcconfig */,
				3C761E9D6D2BAB2A41DF74B3 /* Pods-HRMS-HRMSUITests.debug.xcconfig */,
				7FF434F7F06D44B2D6086570 /* Pods-HRMS-HRMSUITests.release.xcconfig */,
				C2CD974CD1EB63B20A3F0E27 /* Pods-HRMSTests.debug.xcconfig */,
				D924D0E2854F1C61F5680223 /* Pods-HRMSTests.release.xcconfig */,
			);
			path = Pods;
			sourceTree = "<group>";
		};
		C6309B9D907EEE3F872ADEAE /* Frameworks */ = {
			isa = PBXGroup;
			children = (
				237496639D1199C35CC23AF0 /* libPods-HRMS.a */,
				B96DA6E775AECF2D20FFEDCD /* libPods-HRMS-HRMSUITests.a */,
				9E331CD247C79D10AFDF0502 /* libPods-HRMSTests.a */,
			);
			name = Frameworks;
			sourceTree = "<group>";
		};
		CB547865294717270088DA62 = {
			isa = PBXGroup;
			children = (
				CB547870294717270088DA62 /* HRMS */,
				CB547887294717290088DA62 /* HRMSTests */,
				CB547891294717290088DA62 /* HRMSUITests */,
				CB54786F294717270088DA62 /* Products */,
				4F1783CA4CDB57727D74D2F5 /* Pods */,
				C6309B9D907EEE3F872ADEAE /* Frameworks */,
			);
			sourceTree = "<group>";
		};
		CB54786F294717270088DA62 /* Products */ = {
			isa = PBXGroup;
			children = (
				CB54786E294717270088DA62 /* HRMS.app */,
				CB547884294717290088DA62 /* HRMSTests.xctest */,
				CB54788E294717290088DA62 /* HRMSUITests.xctest */,
			);
			name = Products;
			sourceTree = "<group>";
		};
		CB547870294717270088DA62 /* HRMS */ = {
			isa = PBXGroup;
			children = (
				CB9B6AD32956CFFC0085CD57 /* Constants */,
				CB59565729474D950003E55C /* Model */,
				CB59565629474D840003E55C /* View */,
				CB59565529474D4B0003E55C /* Controller */,
				CB547871294717270088DA62 /* AppDelegate.swift */,
				CB547873294717270088DA62 /* SceneDelegate.swift */,
				CB547877294717270088DA62 /* Main.storyboard */,
				CB54787A294717290088DA62 /* Assets.xcassets */,
				CB54787C294717290088DA62 /* LaunchScreen.storyboard */,
				CB54787F294717290088DA62 /* Info.plist */,
			);
			path = HRMS;
			sourceTree = "<group>";
		};
		CB547887294717290088DA62 /* HRMSTests */ = {
			isa = PBXGroup;
			children = (
				CB547888294717290088DA62 /* HRMSTests.swift */,
			);
			path = HRMSTests;
			sourceTree = "<group>";
		};
		CB547891294717290088DA62 /* HRMSUITests */ = {
			isa = PBXGroup;
			children = (
				CB547892294717290088DA62 /* HRMSUITests.swift */,
				CB547894294717290088DA62 /* HRMSUITestsLaunchTests.swift */,
			);
			path = HRMSUITests;
			sourceTree = "<group>";
		};
		CB59565529474D4B0003E55C /* Controller */ = {
			isa = PBXGroup;
			children = (
				CB785FF029471A5D00F6BE8B /* HomeVC.swift */,
				CB595653294748970003E55C /* SettingVC.swift */,
				CB785FF429473C3100F6BE8B /* NotificationVC.swift */,
				CB59565829474DD20003E55C /* CompanyInfoVC.swift */,
				CB59565C294762DC0003E55C /* NewJointRegister.swift */,
				CB6BD6E9294AE8A50056EAB8 /* LoginVC.swift */,
				CB604E67294C428A0090C147 /* SideMenuVC.swift */,
				CB604E6B294C4DA80090C147 /* MyProfileVC.swift */,
				CB29125A294DEC4C00DE63CD /* ChangePasswordVC.swift */,
				CB29125C294DF02A00DE63CD /* GeneratePasscodeVC.swift */,
				CB29125E294DF08C00DE63CD /* AboutUsVC.swift */,
				CB291260294E0AA400DE63CD /* DispatchCourierVC.swift */,
				CB291272294E0F7900DE63CD /* PlaceRequestVC.swift */,
				CB291274294E11F400DE63CD /* WFHVC.swift */,
				CB87FA55294F2DEE0021D212 /* PaySlipVC.swift */,
				CB87FA57294F3AA70021D212 /* RaiseRequestVC.swift */,
				CB87FA59294F3B4D0021D212 /* TaskReminderVC.swift */,
				CB72BB0729502CE40078D296 /* ResignationVC.swift */,
				CB72BB092950326F0078D296 /* ApplyLoanVC.swift */,
				CB72BB17295041070078D296 /* UpdateBankDetailsVC.swift */,
				CB9B6AD82956D8190085CD57 /* VerifyOTPVC.swift */,
				CBC52F432959DB9100C1C5A6 /* DispatchVC.swift */,
				CB6EDC9E295F14B300B3B74A /* OnboardingDetailsVC.swift */,
				CB6B5E74296BDE2E00D85FB1 /* IntroOnboardingVC.swift */,
				CB6B5E76296BE9EB00D85FB1 /* BasicDetailsVC.swift */,
				CB6B5E78296BEA1A00D85FB1 /* FamilyDetailsVC.swift */,
				CB6B5E7A296C1CFB00D85FB1 /* PersonalDetailsVC.swift */,
				CB6B5E7C296C210100D85FB1 /* EducationDetailsVC.swift */,
				CB6B5E7E296C212400D85FB1 /* AddressDetailsVC.swift */,
				CB6B5E80296C215300D85FB1 /* EmergencyDetailVC.swift */,
				CB6B5E82296C218200D85FB1 /* BAnkDetailsVC.swift */,
				CB6B5E84296C21A800D85FB1 /* ComplienceVC.swift */,
				CB6B5E86296C21C400D85FB1 /* Form11VC.swift */,
				CB6B5E88296C21E100D85FB1 /* PaymentWagesVC.swift */,
				CB6B5E8A296C220000D85FB1 /* BasicDetailVC.swift */,
				CB6B5E8C296C221C00D85FB1 /* AddressVC.swift */,
				CB6B5E8E296C223E00D85FB1 /* WitnessDetailsVC.swift */,
				CB6B5E90296C225700D85FB1 /* Form2VC.swift */,
				CB6B5E92296C3F8100D85FB1 /* GratuityVC.swift */,
				CB654BE329701D0B00301D8A /* LanguageListVC.swift */,
			);
			path = Controller;
			sourceTree = "<group>";
		};
		CB59565629474D840003E55C /* View */ = {
			isa = PBXGroup;
			children = (
				CB785FF22947241400F6BE8B /* HomeCollectionViewCell.swift */,
				CB785FF629473C5D00F6BE8B /* NotificationTableViewCell.swift */,
				CB5956512947487B0003E55C /* SettingTableViewCell.swift */,
				CB59565A29474E020003E55C /* CompanyInfoTableViewCell.swift */,
				CBB881B92949B53500AEC5FB /* PasscodeVC.swift */,
				CB6BD6EB294AEAD40056EAB8 /* EmployeeIdLogin.swift */,
				CB6BD700294B30580056EAB8 /* ForgotPasswordView.swift */,
				CB6BD701294B30580056EAB8 /* ForgotPasswordView.xib */,
				CB604E69294C44E10090C147 /* SideMenuTableViewCell.swift */,
				CB291262294E0B2F00DE63CD /* NewCourierVC.swift */,
				CB291263294E0B2F00DE63CD /* NewCourierVC.xib */,
				CB291266294E0B5300DE63CD /* CourierStatusVC.swift */,
				CB291267294E0B5300DE63CD /* CourierStatusVC.xib */,
				CB29126A294E0F3F00DE63CD /* RaiseRequest.swift */,
				CB29126B294E0F3F00DE63CD /* RaiseRequest.xib */,
				CB29126E294E0F5300DE63CD /* RequestStatus.swift */,
				CB29126F294E0F5300DE63CD /* RequestStatus.xib */,
				CB291276294E126500DE63CD /* WFHView.swift */,
				CB291277294E126500DE63CD /* WFHView.xib */,
				CB29127A294E128100DE63CD /* WFHStatusView.swift */,
				CB29127B294E128100DE63CD /* WFHStatusView.xib */,
				CB87FA5B294F44160021D212 /* SetReminderView.swift */,
				CB87FA5C294F44160021D212 /* SetReminderView.xib */,
				CB87FA5F294F45F90021D212 /* RemiderStatusView.swift */,
				CB87FA60294F45F90021D212 /* RemiderStatusView.xib */,
				CB72BAFF29502C9F0078D296 /* ResignationRequest.swift */,
				CB72BB0029502C9F0078D296 /* ResignationRequest.xib */,
				CB72BB0329502CB50078D296 /* ResignationStatus.swift */,
				CB72BB0429502CB50078D296 /* ResignationStatus.xib */,
				CB72BB0B295038960078D296 /* AplyLoanView.swift */,
				CB72BB0C295038960078D296 /* AplyLoanView.xib */,
				CB72BB13295038DA0078D296 /* AplyLoanStatusView.swift */,
				CB72BB14295038DA0078D296 /* AplyLoanStatusView.xib */,
				CBC52F45295AD72800C1C5A6 /* PaySlipTableViewCell.swift */,
				CB6EDCA0295F1AB800B3B74A /* OnboardingTableViewCell.swift */,
				CB654BE529701D3A00301D8A /* LanguageListTableViewCell.swift */,
			);
			path = View;
			sourceTree = "<group>";
		};
		CB59565729474D950003E55C /* Model */ = {
			isa = PBXGroup;
			children = (
			);
			path = Model;
			sourceTree = "<group>";
		};
		CB9B6AD32956CFFC0085CD57 /* Constants */ = {
			isa = PBXGroup;
			children = (
				CB9B6AD42956D0320085CD57 /* AppConstants.swift */,
				CB9B6AD62956D1AF0085CD57 /* Reachability.swift */,
			);
			path = Constants;
			sourceTree = "<group>";
		};
/* End PBXGroup section */

/* Begin PBXNativeTarget section */
		CB54786D294717270088DA62 /* HRMS */ = {
			isa = PBXNativeTarget;
			buildConfigurationList = CB547898294717290088DA62 /* Build configuration list for PBXNativeTarget "HRMS" */;
			buildPhases = (
				51F95228AB40A372ADD30C2C /* [CP] Check Pods Manifest.lock */,
				CB54786A294717270088DA62 /* Sources */,
				CB54786B294717270088DA62 /* Frameworks */,
				CB54786C294717270088DA62 /* Resources */,
				2B53AEC3311AC8A88157335D /* [CP] Copy Pods Resources */,
			);
			buildRules = (
			);
			dependencies = (
			);
			name = HRMS;
			productName = HRMS;
			productReference = CB54786E294717270088DA62 /* HRMS.app */;
			productType = "com.apple.product-type.application";
		};
		CB547883294717290088DA62 /* HRMSTests */ = {
			isa = PBXNativeTarget;
			buildConfigurationList = CB54789B294717290088DA62 /* Build configuration list for PBXNativeTarget "HRMSTests" */;
			buildPhases = (
				EF24D457E2904785FD166FD0 /* [CP] Check Pods Manifest.lock */,
				CB547880294717290088DA62 /* Sources */,
				CB547881294717290088DA62 /* Frameworks */,
				CB547882294717290088DA62 /* Resources */,
			);
			buildRules = (
			);
			dependencies = (
				CB547886294717290088DA62 /* PBXTargetDependency */,
			);
			name = HRMSTests;
			productName = HRMSTests;
			productReference = CB547884294717290088DA62 /* HRMSTests.xctest */;
			productType = "com.apple.product-type.bundle.unit-test";
		};
		CB54788D294717290088DA62 /* HRMSUITests */ = {
			isa = PBXNativeTarget;
			buildConfigurationList = CB54789E294717290088DA62 /* Build configuration list for PBXNativeTarget "HRMSUITests" */;
			buildPhases = (
				C4ADE892455F900A50DCEF52 /* [CP] Check Pods Manifest.lock */,
				CB54788A294717290088DA62 /* Sources */,
				CB54788B294717290088DA62 /* Frameworks */,
				CB54788C294717290088DA62 /* Resources */,
				17365A74A73179DC0B247D99 /* [CP] Copy Pods Resources */,
			);
			buildRules = (
			);
			dependencies = (
				CB547890294717290088DA62 /* PBXTargetDependency */,
			);
			name = HRMSUITests;
			productName = HRMSUITests;
			productReference = CB54788E294717290088DA62 /* HRMSUITests.xctest */;
			productType = "com.apple.product-type.bundle.ui-testing";
		};
/* End PBXNativeTarget section */

/* Begin PBXProject section */
		CB547866294717270088DA62 /* Project object */ = {
			isa = PBXProject;
			attributes = {
				BuildIndependentTargetsInParallel = 1;
				LastSwiftUpdateCheck = 1410;
				LastUpgradeCheck = 1410;
				TargetAttributes = {
					CB54786D294717270088DA62 = {
						CreatedOnToolsVersion = 14.1;
					};
					CB547883294717290088DA62 = {
						CreatedOnToolsVersion = 14.1;
						TestTargetID = CB54786D294717270088DA62;
					};
					CB54788D294717290088DA62 = {
						CreatedOnToolsVersion = 14.1;
						TestTargetID = CB54786D294717270088DA62;
					};
				};
			};
			buildConfigurationList = CB547869294717270088DA62 /* Build configuration list for PBXProject "HRMS" */;
			compatibilityVersion = "Xcode 14.0";
			developmentRegion = en;
			hasScannedForEncodings = 0;
			knownRegions = (
				en,
				Base,
			);
			mainGroup = CB547865294717270088DA62;
			productRefGroup = CB54786F294717270088DA62 /* Products */;
			projectDirPath = "";
			projectRoot = "";
			targets = (
				CB54786D294717270088DA62 /* HRMS */,
				CB547883294717290088DA62 /* HRMSTests */,
				CB54788D294717290088DA62 /* HRMSUITests */,
			);
		};
/* End PBXProject section */

/* Begin PBXResourcesBuildPhase section */
		CB54786C294717270088DA62 /* Resources */ = {
			isa = PBXResourcesBuildPhase;
			buildActionMask = 2147483647;
			files = (
				CB87FA5E294F44160021D212 /* SetReminderView.xib in Resources */,
				CB87FA62294F45F90021D212 /* RemiderStatusView.xib in Resources */,
				CB6BD703294B30580056EAB8 /* ForgotPasswordView.xib in Resources */,
				CB291271294E0F5300DE63CD /* RequestStatus.xib in Resources */,
				CB72BB0229502C9F0078D296 /* ResignationRequest.xib in Resources */,
				CB54787E294717290088DA62 /* LaunchScreen.storyboard in Resources */,
				CB291269294E0B5300DE63CD /* CourierStatusVC.xib in Resources */,
				CB72BB0E295038960078D296 /* AplyLoanView.xib in Resources */,
				CB291279294E126500DE63CD /* WFHView.xib in Resources */,
				CB72BB16295038DA0078D296 /* AplyLoanStatusView.xib in Resources */,
				CB291265294E0B2F00DE63CD /* NewCourierVC.xib in Resources */,
				CB54787B294717290088DA62 /* Assets.xcassets in Resources */,
				CB29126D294E0F3F00DE63CD /* RaiseRequest.xib in Resources */,
				CB72BB0629502CB50078D296 /* ResignationStatus.xib in Resources */,
				CB29127D294E128100DE63CD /* WFHStatusView.xib in Resources */,
				CB547879294717270088DA62 /* Main.storyboard in Resources */,
			);
			runOnlyForDeploymentPostprocessing = 0;
		};
		CB547882294717290088DA62 /* Resources */ = {
			isa = PBXResourcesBuildPhase;
			buildActionMask = 2147483647;
			files = (
			);
			runOnlyForDeploymentPostprocessing = 0;
		};
		CB54788C294717290088DA62 /* Resources */ = {
			isa = PBXResourcesBuildPhase;
			buildActionMask = 2147483647;
			files = (
			);
			runOnlyForDeploymentPostprocessing = 0;
		};
/* End PBXResourcesBuildPhase section */

/* Begin PBXShellScriptBuildPhase section */
		17365A74A73179DC0B247D99 /* [CP] Copy Pods Resources */ = {
			isa = PBXShellScriptBuildPhase;
			buildActionMask = 2147483647;
			files = (
			);
			inputFileListPaths = (
				"${PODS_ROOT}/Target Support Files/Pods-HRMS-HRMSUITests/Pods-HRMS-HRMSUITests-resources-${CONFIGURATION}-input-files.xcfilelist",
			);
			name = "[CP] Copy Pods Resources";
			outputFileListPaths = (
				"${PODS_ROOT}/Target Support Files/Pods-HRMS-HRMSUITests/Pods-HRMS-HRMSUITests-resources-${CONFIGURATION}-output-files.xcfilelist",
			);
			runOnlyForDeploymentPostprocessing = 0;
			shellPath = /bin/sh;
			shellScript = "\"${PODS_ROOT}/Target Support Files/Pods-HRMS-HRMSUITests/Pods-HRMS-HRMSUITests-resources.sh\"\n";
			showEnvVarsInLog = 0;
		};
		2B53AEC3311AC8A88157335D /* [CP] Copy Pods Resources */ = {
			isa = PBXShellScriptBuildPhase;
			buildActionMask = 2147483647;
			files = (
			);
			inputFileListPaths = (
				"${PODS_ROOT}/Target Support Files/Pods-HRMS/Pods-HRMS-resources-${CONFIGURATION}-input-files.xcfilelist",
			);
			name = "[CP] Copy Pods Resources";
			outputFileListPaths = (
				"${PODS_ROOT}/Target Support Files/Pods-HRMS/Pods-HRMS-resources-${CONFIGURATION}-output-files.xcfilelist",
			);
			runOnlyForDeploymentPostprocessing = 0;
			shellPath = /bin/sh;
			shellScript = "\"${PODS_ROOT}/Target Support Files/Pods-HRMS/Pods-HRMS-resources.sh\"\n";
			showEnvVarsInLog = 0;
		};
		51F95228AB40A372ADD30C2C /* [CP] Check Pods Manifest.lock */ = {
			isa = PBXShellScriptBuildPhase;
			buildActionMask = 2147483647;
			files = (
			);
			inputFileListPaths = (
			);
			inputPaths = (
				"${PODS_PODFILE_DIR_PATH}/Podfile.lock",
				"${PODS_ROOT}/Manifest.lock",
			);
			name = "[CP] Check Pods Manifest.lock";
			outputFileListPaths = (
			);
			outputPaths = (
				"$(DERIVED_FILE_DIR)/Pods-HRMS-checkManifestLockResult.txt",
			);
			runOnlyForDeploymentPostprocessing = 0;
			shellPath = /bin/sh;
			shellScript = "diff \"${PODS_PODFILE_DIR_PATH}/Podfile.lock\" \"${PODS_ROOT}/Manifest.lock\" > /dev/null\nif [ $? != 0 ] ; then\n    # print error to STDERR\n    echo \"error: The sandbox is not in sync with the Podfile.lock. Run 'pod install' or update your CocoaPods installation.\" >&2\n    exit 1\nfi\n# This output is used by Xcode 'outputs' to avoid re-running this script phase.\necho \"SUCCESS\" > \"${SCRIPT_OUTPUT_FILE_0}\"\n";
			showEnvVarsInLog = 0;
		};
		C4ADE892455F900A50DCEF52 /* [CP] Check Pods Manifest.lock */ = {
			isa = PBXShellScriptBuildPhase;
			buildActionMask = 2147483647;
			files = (
			);
			inputFileListPaths = (
			);
			inputPaths = (
				"${PODS_PODFILE_DIR_PATH}/Podfile.lock",
				"${PODS_ROOT}/Manifest.lock",
			);
			name = "[CP] Check Pods Manifest.lock";
			outputFileListPaths = (
			);
			outputPaths = (
				"$(DERIVED_FILE_DIR)/Pods-HRMS-HRMSUITests-checkManifestLockResult.txt",
			);
			runOnlyForDeploymentPostprocessing = 0;
			shellPath = /bin/sh;
			shellScript = "diff \"${PODS_PODFILE_DIR_PATH}/Podfile.lock\" \"${PODS_ROOT}/Manifest.lock\" > /dev/null\nif [ $? != 0 ] ; then\n    # print error to STDERR\n    echo \"error: The sandbox is not in sync with the Podfile.lock. Run 'pod install' or update your CocoaPods installation.\" >&2\n    exit 1\nfi\n# This output is used by Xcode 'outputs' to avoid re-running this script phase.\necho \"SUCCESS\" > \"${SCRIPT_OUTPUT_FILE_0}\"\n";
			showEnvVarsInLog = 0;
		};
		EF24D457E2904785FD166FD0 /* [CP] Check Pods Manifest.lock */ = {
			isa = PBXShellScriptBuildPhase;
			buildActionMask = 2147483647;
			files = (
			);
			inputFileListPaths = (
			);
			inputPaths = (
				"${PODS_PODFILE_DIR_PATH}/Podfile.lock",
				"${PODS_ROOT}/Manifest.lock",
			);
			name = "[CP] Check Pods Manifest.lock";
			outputFileListPaths = (
			);
			outputPaths = (
				"$(DERIVED_FILE_DIR)/Pods-HRMSTests-checkManifestLockResult.txt",
			);
			runOnlyForDeploymentPostprocessing = 0;
			shellPath = /bin/sh;
			shellScript = "diff \"${PODS_PODFILE_DIR_PATH}/Podfile.lock\" \"${PODS_ROOT}/Manifest.lock\" > /dev/null\nif [ $? != 0 ] ; then\n    # print error to STDERR\n    echo \"error: The sandbox is not in sync with the Podfile.lock. Run 'pod install' or update your CocoaPods installation.\" >&2\n    exit 1\nfi\n# This output is used by Xcode 'outputs' to avoid re-running this script phase.\necho \"SUCCESS\" > \"${SCRIPT_OUTPUT_FILE_0}\"\n";
			showEnvVarsInLog = 0;
		};
/* End PBXShellScriptBuildPhase section */

/* Begin PBXSourcesBuildPhase section */
		CB54786A294717270088DA62 /* Sources */ = {
			isa = PBXSourcesBuildPhase;
			buildActionMask = 2147483647;
			files = (
				CB29125B294DEC4C00DE63CD /* ChangePasswordVC.swift in Sources */,
				CB72BB0529502CB50078D296 /* ResignationStatus.swift in Sources */,
				CB29125D294DF02A00DE63CD /* GeneratePasscodeVC.swift in Sources */,
				CB654BE629701D3A00301D8A /* LanguageListTableViewCell.swift in Sources */,
				CB785FF729473C5D00F6BE8B /* NotificationTableViewCell.swift in Sources */,
				CB595654294748970003E55C /* SettingVC.swift in Sources */,
				CB6BD6EA294AE8A50056EAB8 /* LoginVC.swift in Sources */,
				CB6EDC9F295F14B400B3B74A /* OnboardingDetailsVC.swift in Sources */,
				CB6B5E91296C225700D85FB1 /* Form2VC.swift in Sources */,
				CB87FA58294F3AA70021D212 /* RaiseRequestVC.swift in Sources */,
				CBB881BB2949B53500AEC5FB /* PasscodeVC.swift in Sources */,
				CB87FA5A294F3B4D0021D212 /* TaskReminderVC.swift in Sources */,
				CB291268294E0B5300DE63CD /* CourierStatusVC.swift in Sources */,
				CB654BE429701D0B00301D8A /* LanguageListVC.swift in Sources */,
				CB785FF32947241400F6BE8B /* HomeCollectionViewCell.swift in Sources */,
				CB59565929474DD20003E55C /* CompanyInfoVC.swift in Sources */,
				CB604E6C294C4DA80090C147 /* MyProfileVC.swift in Sources */,
				CB785FF529473C3100F6BE8B /* NotificationVC.swift in Sources */,
				CB291264294E0B2F00DE63CD /* NewCourierVC.swift in Sources */,
				CB291278294E126500DE63CD /* WFHView.swift in Sources */,
				CB72BB0D295038960078D296 /* AplyLoanView.swift in Sources */,
				CB6B5E8F296C223E00D85FB1 /* WitnessDetailsVC.swift in Sources */,
				CBC52F46295AD72800C1C5A6 /* PaySlipTableViewCell.swift in Sources */,
				CB6B5E85296C21A800D85FB1 /* ComplienceVC.swift in Sources */,
				CB72BB0A2950326F0078D296 /* ApplyLoanVC.swift in Sources */,
				CB9B6AD72956D1AF0085CD57 /* Reachability.swift in Sources */,
				CB6B5E81296C215300D85FB1 /* EmergencyDetailVC.swift in Sources */,
				CB72BB0129502C9F0078D296 /* ResignationRequest.swift in Sources */,
				CB6B5E75296BDE2F00D85FB1 /* IntroOnboardingVC.swift in Sources */,
				CB87FA61294F45F90021D212 /* RemiderStatusView.swift in Sources */,
				CB29125F294DF08C00DE63CD /* AboutUsVC.swift in Sources */,
				CB29126C294E0F3F00DE63CD /* RaiseRequest.swift in Sources */,
				CB6B5E7F296C212500D85FB1 /* AddressDetailsVC.swift in Sources */,
				CB9B6AD52956D0320085CD57 /* AppConstants.swift in Sources */,
				CB87FA56294F2DEE0021D212 /* PaySlipVC.swift in Sources */,
				CB6B5E7B296C1CFB00D85FB1 /* PersonalDetailsVC.swift in Sources */,
				CB72BB15295038DA0078D296 /* AplyLoanStatusView.swift in Sources */,
				CB6B5E89296C21E100D85FB1 /* PaymentWagesVC.swift in Sources */,
				CB59565D294762DC0003E55C /* NewJointRegister.swift in Sources */,
				CB9B6AD92956D8190085CD57 /* VerifyOTPVC.swift in Sources */,
				CB785FF129471A5D00F6BE8B /* HomeVC.swift in Sources */,
				CB291275294E11F400DE63CD /* WFHVC.swift in Sources */,
				CB547872294717270088DA62 /* AppDelegate.swift in Sources */,
				CB604E6A294C44E10090C147 /* SideMenuTableViewCell.swift in Sources */,
				CB291273294E0F7900DE63CD /* PlaceRequestVC.swift in Sources */,
				CB59565B29474E020003E55C /* CompanyInfoTableViewCell.swift in Sources */,
				CB6B5E87296C21C400D85FB1 /* Form11VC.swift in Sources */,
				CB87FA5D294F44160021D212 /* SetReminderView.swift in Sources */,
				CB6BD6ED294AEAD40056EAB8 /* EmployeeIdLogin.swift in Sources */,
				CBC52F442959DB9100C1C5A6 /* DispatchVC.swift in Sources */,
				CB5956522947487B0003E55C /* SettingTableViewCell.swift in Sources */,
				CB72BB18295041070078D296 /* UpdateBankDetailsVC.swift in Sources */,
				CB6BD702294B30580056EAB8 /* ForgotPasswordView.swift in Sources */,
				CB72BB0829502CE40078D296 /* ResignationVC.swift in Sources */,
				CB6EDCA1295F1AB800B3B74A /* OnboardingTableViewCell.swift in Sources */,
				CB6B5E7D296C210100D85FB1 /* EducationDetailsVC.swift in Sources */,
				CB6B5E77296BE9EB00D85FB1 /* BasicDetailsVC.swift in Sources */,
				CB604E68294C428A0090C147 /* SideMenuVC.swift in Sources */,
				CB6B5E83296C218200D85FB1 /* BAnkDetailsVC.swift in Sources */,
				CB29127C294E128100DE63CD /* WFHStatusView.swift in Sources */,
				CB6B5E8B296C220000D85FB1 /* BasicDetailVC.swift in Sources */,
				CB291261294E0AA400DE63CD /* DispatchCourierVC.swift in Sources */,
				CB6B5E93296C3F8100D85FB1 /* GratuityVC.swift in Sources */,
				CB6B5E79296BEA1A00D85FB1 /* FamilyDetailsVC.swift in Sources */,
				CB6B5E8D296C221C00D85FB1 /* AddressVC.swift in Sources */,
				CB547874294717270088DA62 /* SceneDelegate.swift in Sources */,
				CB291270294E0F5300DE63CD /* RequestStatus.swift in Sources */,
			);
			runOnlyForDeploymentPostprocessing = 0;
		};
		CB547880294717290088DA62 /* Sources */ = {
			isa = PBXSourcesBuildPhase;
			buildActionMask = 2147483647;
			files = (
				CB547889294717290088DA62 /* HRMSTests.swift in Sources */,
			);
			runOnlyForDeploymentPostprocessing = 0;
		};
		CB54788A294717290088DA62 /* Sources */ = {
			isa = PBXSourcesBuildPhase;
			buildActionMask = 2147483647;
			files = (
				CB547895294717290088DA62 /* HRMSUITestsLaunchTests.swift in Sources */,
				CB547893294717290088DA62 /* HRMSUITests.swift in Sources */,
			);
			runOnlyForDeploymentPostprocessing = 0;
		};
/* End PBXSourcesBuildPhase section */

/* Begin PBXTargetDependency section */
		CB547886294717290088DA62 /* PBXTargetDependency */ = {
			isa = PBXTargetDependency;
			target = CB54786D294717270088DA62 /* HRMS */;
			targetProxy = CB547885294717290088DA62 /* PBXContainerItemProxy */;
		};
		CB547890294717290088DA62 /* PBXTargetDependency */ = {
			isa = PBXTargetDependency;
			target = CB54786D294717270088DA62 /* HRMS */;
			targetProxy = CB54788F294717290088DA62 /* PBXContainerItemProxy */;
		};
/* End PBXTargetDependency section */

/* Begin PBXVariantGroup section */
		CB547877294717270088DA62 /* Main.storyboard */ = {
			isa = PBXVariantGroup;
			children = (
				CB547878294717270088DA62 /* Base */,
			);
			name = Main.storyboard;
			sourceTree = "<group>";
		};
		CB54787C294717290088DA62 /* LaunchScreen.storyboard */ = {
			isa = PBXVariantGroup;
			children = (
				CB54787D294717290088DA62 /* Base */,
			);
			name = LaunchScreen.storyboard;
			sourceTree = "<group>";
		};
/* End PBXVariantGroup section */

/* Begin XCBuildConfiguration section */
		CB547896294717290088DA62 /* Debug */ = {
			isa = XCBuildConfiguration;
			buildSettings = {
				ALWAYS_SEARCH_USER_PATHS = NO;
				CLANG_ANALYZER_NONNULL = YES;
				CLANG_ANALYZER_NUMBER_OBJECT_CONVERSION = YES_AGGRESSIVE;
				CLANG_CXX_LANGUAGE_STANDARD = "gnu++20";
				CLANG_ENABLE_MODULES = YES;
				CLANG_ENABLE_OBJC_ARC = YES;
				CLANG_ENABLE_OBJC_WEAK = YES;
				CLANG_WARN_BLOCK_CAPTURE_AUTORELEASING = YES;
				CLANG_WARN_BOOL_CONVERSION = YES;
				CLANG_WARN_COMMA = YES;
				CLANG_WARN_CONSTANT_CONVERSION = YES;
				CLANG_WARN_DEPRECATED_OBJC_IMPLEMENTATIONS = YES;
				CLANG_WARN_DIRECT_OBJC_ISA_USAGE = YES_ERROR;
				CLANG_WARN_DOCUMENTATION_COMMENTS = YES;
				CLANG_WARN_EMPTY_BODY = YES;
				CLANG_WARN_ENUM_CONVERSION = YES;
				CLANG_WARN_INFINITE_RECURSION = YES;
				CLANG_WARN_INT_CONVERSION = YES;
				CLANG_WARN_NON_LITERAL_NULL_CONVERSION = YES;
				CLANG_WARN_OBJC_IMPLICIT_RETAIN_SELF = YES;
				CLANG_WARN_OBJC_LITERAL_CONVERSION = YES;
				CLANG_WARN_OBJC_ROOT_CLASS = YES_ERROR;
				CLANG_WARN_QUOTED_INCLUDE_IN_FRAMEWORK_HEADER = YES;
				CLANG_WARN_RANGE_LOOP_ANALYSIS = YES;
				CLANG_WARN_STRICT_PROTOTYPES = YES;
				CLANG_WARN_SUSPICIOUS_MOVE = YES;
				CLANG_WARN_UNGUARDED_AVAILABILITY = YES_AGGRESSIVE;
				CLANG_WARN_UNREACHABLE_CODE = YES;
				CLANG_WARN__DUPLICATE_METHOD_MATCH = YES;
				COPY_PHASE_STRIP = NO;
				DEBUG_INFORMATION_FORMAT = dwarf;
				ENABLE_STRICT_OBJC_MSGSEND = YES;
				ENABLE_TESTABILITY = YES;
				GCC_C_LANGUAGE_STANDARD = gnu11;
				GCC_DYNAMIC_NO_PIC = NO;
				GCC_NO_COMMON_BLOCKS = YES;
				GCC_OPTIMIZATION_LEVEL = 0;
				GCC_PREPROCESSOR_DEFINITIONS = (
					"DEBUG=1",
					"$(inherited)",
				);
				GCC_WARN_64_TO_32_BIT_CONVERSION = YES;
				GCC_WARN_ABOUT_RETURN_TYPE = YES_ERROR;
				GCC_WARN_UNDECLARED_SELECTOR = YES;
				GCC_WARN_UNINITIALIZED_AUTOS = YES_AGGRESSIVE;
				GCC_WARN_UNUSED_FUNCTION = YES;
				GCC_WARN_UNUSED_VARIABLE = YES;
				IPHONEOS_DEPLOYMENT_TARGET = 16.1;
				MTL_ENABLE_DEBUG_INFO = INCLUDE_SOURCE;
				MTL_FAST_MATH = YES;
				ONLY_ACTIVE_ARCH = YES;
				SDKROOT = iphoneos;
				SWIFT_ACTIVE_COMPILATION_CONDITIONS = DEBUG;
				SWIFT_OPTIMIZATION_LEVEL = "-Onone";
			};
			name = Debug;
		};
		CB547897294717290088DA62 /* Release */ = {
			isa = XCBuildConfiguration;
			buildSettings = {
				ALWAYS_SEARCH_USER_PATHS = NO;
				CLANG_ANALYZER_NONNULL = YES;
				CLANG_ANALYZER_NUMBER_OBJECT_CONVERSION = YES_AGGRESSIVE;
				CLANG_CXX_LANGUAGE_STANDARD = "gnu++20";
				CLANG_ENABLE_MODULES = YES;
				CLANG_ENABLE_OBJC_ARC = YES;
				CLANG_ENABLE_OBJC_WEAK = YES;
				CLANG_WARN_BLOCK_CAPTURE_AUTORELEASING = YES;
				CLANG_WARN_BOOL_CONVERSION = YES;
				CLANG_WARN_COMMA = YES;
				CLANG_WARN_CONSTANT_CONVERSION = YES;
				CLANG_WARN_DEPRECATED_OBJC_IMPLEMENTATIONS = YES;
				CLANG_WARN_DIRECT_OBJC_ISA_USAGE = YES_ERROR;
				CLANG_WARN_DOCUMENTATION_COMMENTS = YES;
				CLANG_WARN_EMPTY_BODY = YES;
				CLANG_WARN_ENUM_CONVERSION = YES;
				CLANG_WARN_INFINITE_RECURSION = YES;
				CLANG_WARN_INT_CONVERSION = YES;
				CLANG_WARN_NON_LITERAL_NULL_CONVERSION = YES;
				CLANG_WARN_OBJC_IMPLICIT_RETAIN_SELF = YES;
				CLANG_WARN_OBJC_LITERAL_CONVERSION = YES;
				CLANG_WARN_OBJC_ROOT_CLASS = YES_ERROR;
				CLANG_WARN_QUOTED_INCLUDE_IN_FRAMEWORK_HEADER = YES;
				CLANG_WARN_RANGE_LOOP_ANALYSIS = YES;
				CLANG_WARN_STRICT_PROTOTYPES = YES;
				CLANG_WARN_SUSPICIOUS_MOVE = YES;
				CLANG_WARN_UNGUARDED_AVAILABILITY = YES_AGGRESSIVE;
				CLANG_WARN_UNREACHABLE_CODE = YES;
				CLANG_WARN__DUPLICATE_METHOD_MATCH = YES;
				COPY_PHASE_STRIP = NO;
				DEBUG_INFORMATION_FORMAT = "dwarf-with-dsym";
				ENABLE_NS_ASSERTIONS = NO;
				ENABLE_STRICT_OBJC_MSGSEND = YES;
				GCC_C_LANGUAGE_STANDARD = gnu11;
				GCC_NO_COMMON_BLOCKS = YES;
				GCC_WARN_64_TO_32_BIT_CONVERSION = YES;
				GCC_WARN_ABOUT_RETURN_TYPE = YES_ERROR;
				GCC_WARN_UNDECLARED_SELECTOR = YES;
				GCC_WARN_UNINITIALIZED_AUTOS = YES_AGGRESSIVE;
				GCC_WARN_UNUSED_FUNCTION = YES;
				GCC_WARN_UNUSED_VARIABLE = YES;
				IPHONEOS_DEPLOYMENT_TARGET = 16.1;
				MTL_ENABLE_DEBUG_INFO = NO;
				MTL_FAST_MATH = YES;
				SDKROOT = iphoneos;
				SWIFT_COMPILATION_MODE = wholemodule;
				SWIFT_OPTIMIZATION_LEVEL = "-O";
				VALIDATE_PRODUCT = YES;
			};
			name = Release;
		};
		CB547899294717290088DA62 /* Debug */ = {
			isa = XCBuildConfiguration;
			baseConfigurationReference = F04CD3DB48658B91A836ADA3 /* Pods-HRMS.debug.xcconfig */;
			buildSettings = {
				ASSETCATALOG_COMPILER_APPICON_NAME = AppIcon;
				"ASSETCATALOG_COMPILER_APPICON_NAME[sdk=iphoneos*]" = AppIcon;
				ASSETCATALOG_COMPILER_GLOBAL_ACCENT_COLOR_NAME = AccentColor;
				ASSETCATALOG_COMPILER_INCLUDE_ALL_APPICON_ASSETS = YES;
				CODE_SIGN_STYLE = Automatic;
				CURRENT_PROJECT_VERSION = 1.7;
				DEVELOPMENT_TEAM = VP89RC6PTG;
				GENERATE_INFOPLIST_FILE = YES;
				INFOPLIST_FILE = HRMS/Info.plist;
				INFOPLIST_KEY_CFBundleDisplayName = HRMS;
				INFOPLIST_KEY_LSApplicationCategoryType = "public.app-category.business";
				INFOPLIST_KEY_UIApplicationSupportsIndirectInputEvents = YES;
				INFOPLIST_KEY_UILaunchStoryboardName = LaunchScreen.storyboard;
				INFOPLIST_KEY_UIMainStoryboardFile = Main;
				INFOPLIST_KEY_UISupportedInterfaceOrientations = "UIInterfaceOrientationLandscapeLeft UIInterfaceOrientationLandscapeRight UIInterfaceOrientationPortrait";
				INFOPLIST_KEY_UISupportedInterfaceOrientations_iPad = UIInterfaceOrientationPortrait;
				IPHONEOS_DEPLOYMENT_TARGET = 16.0;
				LD_RUNPATH_SEARCH_PATHS = (
					"$(inherited)",
					"@executable_path/Frameworks",
				);
				MARKETING_VERSION = 1.0;
				PRODUCT_BUNDLE_IDENTIFIER = com.poineerESolution.HRMS;
				PRODUCT_NAME = "$(TARGET_NAME)";
				SUPPORTED_PLATFORMS = "iphoneos iphonesimulator";
				SUPPORTS_MACCATALYST = NO;
				SUPPORTS_MAC_DESIGNED_FOR_IPHONE_IPAD = NO;
				SWIFT_EMIT_LOC_STRINGS = YES;
				SWIFT_VERSION = 5.0;
				TARGETED_DEVICE_FAMILY = 1;
			};
			name = Debug;
		};
		CB54789A294717290088DA62 /* Release */ = {
			isa = XCBuildConfiguration;
			baseConfigurationReference = F7FC45C83829716F86AE0D74 /* Pods-HRMS.release.xcconfig */;
			buildSettings = {
				ASSETCATALOG_COMPILER_APPICON_NAME = AppIcon;
				"ASSETCATALOG_COMPILER_APPICON_NAME[sdk=iphoneos*]" = AppIcon;
				ASSETCATALOG_COMPILER_GLOBAL_ACCENT_COLOR_NAME = AccentColor;
				ASSETCATALOG_COMPILER_INCLUDE_ALL_APPICON_ASSETS = YES;
				CODE_SIGN_STYLE = Automatic;
				CURRENT_PROJECT_VERSION = 1.7;
				DEVELOPMENT_TEAM = VP89RC6PTG;
				GENERATE_INFOPLIST_FILE = YES;
				INFOPLIST_FILE = HRMS/Info.plist;
				INFOPLIST_KEY_CFBundleDisplayName = HRMS;
				INFOPLIST_KEY_LSApplicationCategoryType = "public.app-category.business";
				INFOPLIST_KEY_UIApplicationSupportsIndirectInputEvents = YES;
				INFOPLIST_KEY_UILaunchStoryboardName = LaunchScreen.storyboard;
				INFOPLIST_KEY_UIMainStoryboardFile = Main;
				INFOPLIST_KEY_UISupportedInterfaceOrientations = "UIInterfaceOrientationLandscapeLeft UIInterfaceOrientationLandscapeRight UIInterfaceOrientationPortrait";
				INFOPLIST_KEY_UISupportedInterfaceOrientations_iPad = UIInterfaceOrientationPortrait;
				IPHONEOS_DEPLOYMENT_TARGET = 16.0;
				LD_RUNPATH_SEARCH_PATHS = (
					"$(inherited)",
					"@executable_path/Frameworks",
				);
				MARKETING_VERSION = 1.0;
				PRODUCT_BUNDLE_IDENTIFIER = com.poineerESolution.HRMS;
				PRODUCT_NAME = "$(TARGET_NAME)";
				SUPPORTED_PLATFORMS = "iphoneos iphonesimulator";
				SUPPORTS_MACCATALYST = NO;
				SUPPORTS_MAC_DESIGNED_FOR_IPHONE_IPAD = NO;
				SWIFT_EMIT_LOC_STRINGS = YES;
				SWIFT_VERSION = 5.0;
				TARGETED_DEVICE_FAMILY = 1;
			};
			name = Release;
		};
		CB54789C294717290088DA62 /* Debug */ = {
			isa = XCBuildConfiguration;
			baseConfigurationReference = C2CD974CD1EB63B20A3F0E27 /* Pods-HRMSTests.debug.xcconfig */;
			buildSettings = {
				ALWAYS_EMBED_SWIFT_STANDARD_LIBRARIES = YES;
				BUNDLE_LOADER = "$(TEST_HOST)";
				CODE_SIGN_STYLE = Automatic;
				CURRENT_PROJECT_VERSION = 1;
				GENERATE_INFOPLIST_FILE = YES;
				IPHONEOS_DEPLOYMENT_TARGET = 16.1;
				MARKETING_VERSION = 1.0;
				PRODUCT_BUNDLE_IDENTIFIER = poineer.HRMSTests;
				PRODUCT_NAME = "$(TARGET_NAME)";
				SWIFT_EMIT_LOC_STRINGS = NO;
				SWIFT_VERSION = 5.0;
				TARGETED_DEVICE_FAMILY = "1,2";
				TEST_HOST = "$(BUILT_PRODUCTS_DIR)/HRMS.app/$(BUNDLE_EXECUTABLE_FOLDER_PATH)/HRMS";
			};
			name = Debug;
		};
		CB54789D294717290088DA62 /* Release */ = {
			isa = XCBuildConfiguration;
			baseConfigurationReference = D924D0E2854F1C61F5680223 /* Pods-HRMSTests.release.xcconfig */;
			buildSettings = {
				ALWAYS_EMBED_SWIFT_STANDARD_LIBRARIES = YES;
				BUNDLE_LOADER = "$(TEST_HOST)";
				CODE_SIGN_STYLE = Automatic;
				CURRENT_PROJECT_VERSION = 1;
				GENERATE_INFOPLIST_FILE = YES;
				IPHONEOS_DEPLOYMENT_TARGET = 16.1;
				MARKETING_VERSION = 1.0;
				PRODUCT_BUNDLE_IDENTIFIER = poineer.HRMSTests;
				PRODUCT_NAME = "$(TARGET_NAME)";
				SWIFT_EMIT_LOC_STRINGS = NO;
				SWIFT_VERSION = 5.0;
				TARGETED_DEVICE_FAMILY = "1,2";
				TEST_HOST = "$(BUILT_PRODUCTS_DIR)/HRMS.app/$(BUNDLE_EXECUTABLE_FOLDER_PATH)/HRMS";
			};
			name = Release;
		};
		CB54789F294717290088DA62 /* Debug */ = {
			isa = XCBuildConfiguration;
			baseConfigurationReference = 3C761E9D6D2BAB2A41DF74B3 /* Pods-HRMS-HRMSUITests.debug.xcconfig */;
			buildSettings = {
				ALWAYS_EMBED_SWIFT_STANDARD_LIBRARIES = YES;
				CODE_SIGN_STYLE = Automatic;
				CURRENT_PROJECT_VERSION = 1;
				GENERATE_INFOPLIST_FILE = YES;
				MARKETING_VERSION = 1.0;
				PRODUCT_BUNDLE_IDENTIFIER = poineer.HRMSUITests;
				PRODUCT_NAME = "$(TARGET_NAME)";
				SWIFT_EMIT_LOC_STRINGS = NO;
				SWIFT_VERSION = 5.0;
				TARGETED_DEVICE_FAMILY = "1,2";
				TEST_TARGET_NAME = HRMS;
			};
			name = Debug;
		};
		CB5478A0294717290088DA62 /* Release */ = {
			isa = XCBuildConfiguration;
			baseConfigurationReference = 7FF434F7F06D44B2D6086570 /* Pods-HRMS-HRMSUITests.release.xcconfig */;
			buildSettings = {
				ALWAYS_EMBED_SWIFT_STANDARD_LIBRARIES = YES;
				CODE_SIGN_STYLE = Automatic;
				CURRENT_PROJECT_VERSION = 1;
				GENERATE_INFOPLIST_FILE = YES;
				MARKETING_VERSION = 1.0;
				PRODUCT_BUNDLE_IDENTIFIER = poineer.HRMSUITests;
				PRODUCT_NAME = "$(TARGET_NAME)";
				SWIFT_EMIT_LOC_STRINGS = NO;
				SWIFT_VERSION = 5.0;
				TARGETED_DEVICE_FAMILY = "1,2";
				TEST_TARGET_NAME = HRMS;
			};
			name = Release;
		};
/* End XCBuildConfiguration section */

/* Begin XCConfigurationList section */
		CB547869294717270088DA62 /* Build configuration list for PBXProject "HRMS" */ = {
			isa = XCConfigurationList;
			buildConfigurations = (
				CB547896294717290088DA62 /* Debug */,
				CB547897294717290088DA62 /* Release */,
			);
			defaultConfigurationIsVisible = 0;
			defaultConfigurationName = Release;
		};
		CB547898294717290088DA62 /* Build configuration list for PBXNativeTarget "HRMS" */ = {
			isa = XCConfigurationList;
			buildConfigurations = (
				CB547899294717290088DA62 /* Debug */,
				CB54789A294717290088DA62 /* Release */,
			);
			defaultConfigurationIsVisible = 0;
			defaultConfigurationName = Release;
		};
		CB54789B294717290088DA62 /* Build configuration list for PBXNativeTarget "HRMSTests" */ = {
			isa = XCConfigurationList;
			buildConfigurations = (
				CB54789C294717290088DA62 /* Debug */,
				CB54789D294717290088DA62 /* Release */,
			);
			defaultConfigurationIsVisible = 0;
			defaultConfigurationName = Release;
		};
		CB54789E294717290088DA62 /* Build configuration list for PBXNativeTarget "HRMSUITests" */ = {
			isa = XCConfigurationList;
			buildConfigurations = (
				CB54789F294717290088DA62 /* Debug */,
				CB5478A0294717290088DA62 /* Release */,
			);
			defaultConfigurationIsVisible = 0;
			defaultConfigurationName = Release;
		};
/* End XCConfigurationList section */
	};
	rootObject = CB547866294717270088DA62 /* Project object */;
}
